// !$*UTF8*$!
{
	archiveVersion = 1;
	classes = {
	};
	objectVersion = 46;
	objects = {

/* Begin PBXBuildFile section */
		EA25FEF119C8022B0068AEA7 /* MessageUI.framework in Frameworks */ = {isa = PBXBuildFile; fileRef = EA25FEF019C8022B0068AEA7 /* MessageUI.framework */; };
		EA25FEF819C814C90068AEA7 /* Util.swift in Sources */ = {isa = PBXBuildFile; fileRef = EA25FEF719C814C90068AEA7 /* Util.swift */; };
		EA6CC39D199334C900834E65 /* facebook.png in Resources */ = {isa = PBXBuildFile; fileRef = EA6CC399199334C900834E65 /* facebook.png */; };
		EA6CC39E199334C900834E65 /* iMessage.png in Resources */ = {isa = PBXBuildFile; fileRef = EA6CC39A199334C900834E65 /* iMessage.png */; };
		EA6CC39F199334C900834E65 /* mail.png in Resources */ = {isa = PBXBuildFile; fileRef = EA6CC39B199334C900834E65 /* mail.png */; };
		EA6CC3A0199334C900834E65 /* twitter.png in Resources */ = {isa = PBXBuildFile; fileRef = EA6CC39C199334C900834E65 /* twitter.png */; };
		EAA301051A57B96E004DC2F4 /* images.jpg in Resources */ = {isa = PBXBuildFile; fileRef = EAA301041A57B96E004DC2F4 /* images.jpg */; };
		EAA3013C1A57D84A004DC2F4 /* Reachability.swift in Sources */ = {isa = PBXBuildFile; fileRef = EAA3013B1A57D84A004DC2F4 /* Reachability.swift */; };
		EAFEAB281988D1D700E30A7C /* AppDelegate.swift in Sources */ = {isa = PBXBuildFile; fileRef = EAFEAB271988D1D700E30A7C /* AppDelegate.swift */; };
		EAFEAB2A1988D1D700E30A7C /* ViewController.swift in Sources */ = {isa = PBXBuildFile; fileRef = EAFEAB291988D1D700E30A7C /* ViewController.swift */; };
		EAFEAB2D1988D1D700E30A7C /* Main.storyboard in Resources */ = {isa = PBXBuildFile; fileRef = EAFEAB2B1988D1D700E30A7C /* Main.storyboard */; };
		EAFEAB2F1988D1D700E30A7C /* Images.xcassets in Resources */ = {isa = PBXBuildFile; fileRef = EAFEAB2E1988D1D700E30A7C /* Images.xcassets */; };
		EAFEAB3B1988D1D700E30A7C /* SocialFrameworkDemoTests.swift in Sources */ = {isa = PBXBuildFile; fileRef = EAFEAB3A1988D1D700E30A7C /* SocialFrameworkDemoTests.swift */; };
		EAFEAB451988D28600E30A7C /* Social.framework in Frameworks */ = {isa = PBXBuildFile; fileRef = EAFEAB441988D28600E30A7C /* Social.framework */; };
/* End PBXBuildFile section */

/* Begin PBXContainerItemProxy section */
		EAFEAB351988D1D700E30A7C /* PBXContainerItemProxy */ = {
			isa = PBXContainerItemProxy;
			containerPortal = EAFEAB1A1988D1D700E30A7C /* Project object */;
			proxyType = 1;
			remoteGlobalIDString = EAFEAB211988D1D700E30A7C;
			remoteInfo = SocialFrameworkDemo;
		};
/* End PBXContainerItemProxy section */

/* Begin PBXFileReference section */
		EA25FEF019C8022B0068AEA7 /* MessageUI.framework */ = {isa = PBXFileReference; lastKnownFileType = wrapper.framework; name = MessageUI.framework; path = System/Library/Frameworks/MessageUI.framework; sourceTree = SDKROOT; };
		EA25FEF719C814C90068AEA7 /* Util.swift */ = {isa = PBXFileReference; fileEncoding = 4; lastKnownFileType = sourcecode.swift; path = Util.swift; sourceTree = "<group>"; };
		EA6CC399199334C900834E65 /* facebook.png */ = {isa = PBXFileReference; lastKnownFileType = image.png; path = facebook.png; sourceTree = "<group>"; };
		EA6CC39A199334C900834E65 /* iMessage.png */ = {isa = PBXFileReference; lastKnownFileType = image.png; path = iMessage.png; sourceTree = "<group>"; };
		EA6CC39B199334C900834E65 /* mail.png */ = {isa = PBXFileReference; lastKnownFileType = image.png; path = mail.png; sourceTree = "<group>"; };
		EA6CC39C199334C900834E65 /* twitter.png */ = {isa = PBXFileReference; lastKnownFileType = image.png; path = twitter.png; sourceTree = "<group>"; };
		EAA301041A57B96E004DC2F4 /* images.jpg */ = {isa = PBXFileReference; lastKnownFileType = image.jpeg; path = images.jpg; sourceTree = "<group>"; };
		EAA3013B1A57D84A004DC2F4 /* Reachability.swift */ = {isa = PBXFileReference; fileEncoding = 4; lastKnownFileType = sourcecode.swift; path = Reachability.swift; sourceTree = "<group>"; };
		EAFEAB221988D1D700E30A7C /* SocialFrameworkDemo.app */ = {isa = PBXFileReference; explicitFileType = wrapper.application; includeInIndex = 0; path = SocialFrameworkDemo.app; sourceTree = BUILT_PRODUCTS_DIR; };
		EAFEAB261988D1D700E30A7C /* Info.plist */ = {isa = PBXFileReference; lastKnownFileType = text.plist.xml; path = Info.plist; sourceTree = "<group>"; };
		EAFEAB271988D1D700E30A7C /* AppDelegate.swift */ = {isa = PBXFileReference; lastKnownFileType = sourcecode.swift; path = AppDelegate.swift; sourceTree = "<group>"; };
		EAFEAB291988D1D700E30A7C /* ViewController.swift */ = {isa = PBXFileReference; lastKnownFileType = sourcecode.swift; path = ViewController.swift; sourceTree = "<group>"; };
		EAFEAB2C1988D1D700E30A7C /* Base */ = {isa = PBXFileReference; lastKnownFileType = file.storyboard; name = Base; path = Base.lproj/Main.storyboard; sourceTree = "<group>"; };
		EAFEAB2E1988D1D700E30A7C /* Images.xcassets */ = {isa = PBXFileReference; lastKnownFileType = folder.assetcatalog; path = Images.xcassets; sourceTree = "<group>"; };
		EAFEAB341988D1D700E30A7C /* SocialFrameworkDemoTests.xctest */ = {isa = PBXFileReference; explicitFileType = wrapper.cfbundle; includeInIndex = 0; path = SocialFrameworkDemoTests.xctest; sourceTree = BUILT_PRODUCTS_DIR; };
		EAFEAB391988D1D700E30A7C /* Info.plist */ = {isa = PBXFileReference; lastKnownFileType = text.plist.xml; path = Info.plist; sourceTree = "<group>"; };
		EAFEAB3A1988D1D700E30A7C /* SocialFrameworkDemoTests.swift */ = {isa = PBXFileReference; lastKnownFileType = sourcecode.swift; path = SocialFrameworkDemoTests.swift; sourceTree = "<group>"; };
		EAFEAB441988D28600E30A7C /* Social.framework */ = {isa = PBXFileReference; lastKnownFileType = wrapper.framework; name = Social.framework; path = System/Library/Frameworks/Social.framework; sourceTree = SDKROOT; };
/* End PBXFileReference section */

/* Begin PBXFrameworksBuildPhase section */
		EAFEAB1F1988D1D700E30A7C /* Frameworks */ = {
			isa = PBXFrameworksBuildPhase;
			buildActionMask = 2147483647;
			files = (
				EA25FEF119C8022B0068AEA7 /* MessageUI.framework in Frameworks */,
				EAFEAB451988D28600E30A7C /* Social.framework in Frameworks */,
			);
			runOnlyForDeploymentPostprocessing = 0;
		};
		EAFEAB311988D1D700E30A7C /* Frameworks */ = {
			isa = PBXFrameworksBuildPhase;
			buildActionMask = 2147483647;
			files = (
			);
			runOnlyForDeploymentPostprocessing = 0;
		};
/* End PBXFrameworksBuildPhase section */

/* Begin PBXGroup section */
		EA25FEF219C813D90068AEA7 /* ThirdParty */ = {
			isa = PBXGroup;
			children = (
				EA25FEF319C813D90068AEA7 /* Reachability */,
			);
			path = ThirdParty;
			sourceTree = "<group>";
		};
		EA25FEF319C813D90068AEA7 /* Reachability */ = {
			isa = PBXGroup;
			children = (
				EAA3013B1A57D84A004DC2F4 /* Reachability.swift */,
			);
			path = Reachability;
			sourceTree = "<group>";
		};
		EAFEAB191988D1D700E30A7C = {
			isa = PBXGroup;
			children = (
				EA25FEF019C8022B0068AEA7 /* MessageUI.framework */,
				EAFEAB441988D28600E30A7C /* Social.framework */,
				EAFEAB241988D1D700E30A7C /* SocialFrameworkDemo */,
				EAFEAB371988D1D700E30A7C /* SocialFrameworkDemoTests */,
				EAFEAB231988D1D700E30A7C /* Products */,
			);
			sourceTree = "<group>";
		};
		EAFEAB231988D1D700E30A7C /* Products */ = {
			isa = PBXGroup;
			children = (
				EAFEAB221988D1D700E30A7C /* SocialFrameworkDemo.app */,
				EAFEAB341988D1D700E30A7C /* SocialFrameworkDemoTests.xctest */,
			);
			name = Products;
			sourceTree = "<group>";
		};
		EAFEAB241988D1D700E30A7C /* SocialFrameworkDemo */ = {
			isa = PBXGroup;
			children = (
				EAFEAB271988D1D700E30A7C /* AppDelegate.swift */,
				EAFEAB291988D1D700E30A7C /* ViewController.swift */,
				EA25FEF719C814C90068AEA7 /* Util.swift */,
				EAFEAB2B1988D1D700E30A7C /* Main.storyboard */,
				EAFEAB2E1988D1D700E30A7C /* Images.xcassets */,
				EA25FEF219C813D90068AEA7 /* ThirdParty */,
				EAFEAB251988D1D700E30A7C /* Supporting Files */,
			);
			path = SocialFrameworkDemo;
			sourceTree = "<group>";
		};
		EAFEAB251988D1D700E30A7C /* Supporting Files */ = {
			isa = PBXGroup;
			children = (
				EAA301041A57B96E004DC2F4 /* images.jpg */,
				EA6CC399199334C900834E65 /* facebook.png */,
				EA6CC39A199334C900834E65 /* iMessage.png */,
				EA6CC39B199334C900834E65 /* mail.png */,
				EA6CC39C199334C900834E65 /* twitter.png */,
				EAFEAB261988D1D700E30A7C /* Info.plist */,
			);
			name = "Supporting Files";
			sourceTree = "<group>";
		};
		EAFEAB371988D1D700E30A7C /* SocialFrameworkDemoTests */ = {
			isa = PBXGroup;
			children = (
				EAFEAB3A1988D1D700E30A7C /* SocialFrameworkDemoTests.swift */,
				EAFEAB381988D1D700E30A7C /* Supporting Files */,
			);
			path = SocialFrameworkDemoTests;
			sourceTree = "<group>";
		};
		EAFEAB381988D1D700E30A7C /* Supporting Files */ = {
			isa = PBXGroup;
			children = (
				EAFEAB391988D1D700E30A7C /* Info.plist */,
			);
			name = "Supporting Files";
			sourceTree = "<group>";
		};
/* End PBXGroup section */

/* Begin PBXNativeTarget section */
		EAFEAB211988D1D700E30A7C /* SocialFrameworkDemo */ = {
			isa = PBXNativeTarget;
			buildConfigurationList = EAFEAB3E1988D1D700E30A7C /* Build configuration list for PBXNativeTarget "SocialFrameworkDemo" */;
			buildPhases = (
				EAFEAB1E1988D1D700E30A7C /* Sources */,
				EAFEAB1F1988D1D700E30A7C /* Frameworks */,
				EAFEAB201988D1D700E30A7C /* Resources */,
			);
			buildRules = (
			);
			dependencies = (
			);
			name = SocialFrameworkDemo;
			productName = SocialFrameworkDemo;
			productReference = EAFEAB221988D1D700E30A7C /* SocialFrameworkDemo.app */;
			productType = "com.apple.product-type.application";
		};
		EAFEAB331988D1D700E30A7C /* SocialFrameworkDemoTests */ = {
			isa = PBXNativeTarget;
			buildConfigurationList = EAFEAB411988D1D700E30A7C /* Build configuration list for PBXNativeTarget "SocialFrameworkDemoTests" */;
			buildPhases = (
				EAFEAB301988D1D700E30A7C /* Sources */,
				EAFEAB311988D1D700E30A7C /* Frameworks */,
				EAFEAB321988D1D700E30A7C /* Resources */,
			);
			buildRules = (
			);
			dependencies = (
				EAFEAB361988D1D700E30A7C /* PBXTargetDependency */,
			);
			name = SocialFrameworkDemoTests;
			productName = SocialFrameworkDemoTests;
			productReference = EAFEAB341988D1D700E30A7C /* SocialFrameworkDemoTests.xctest */;
			productType = "com.apple.product-type.bundle.unit-test";
		};
/* End PBXNativeTarget section */

/* Begin PBXProject section */
		EAFEAB1A1988D1D700E30A7C /* Project object */ = {
			isa = PBXProject;
			attributes = {
				LastSwiftMigration = 0700;
				LastSwiftUpdateCheck = 0700;
				LastUpgradeCheck = 0600;
				ORGANIZATIONNAME = "TheAppGuruz-New-6";
				TargetAttributes = {
					EAFEAB211988D1D700E30A7C = {
						CreatedOnToolsVersion = 6.0;
					};
					EAFEAB331988D1D700E30A7C = {
						CreatedOnToolsVersion = 6.0;
						TestTargetID = EAFEAB211988D1D700E30A7C;
					};
				};
			};
			buildConfigurationList = EAFEAB1D1988D1D700E30A7C /* Build configuration list for PBXProject "SocialFrameworkDemo" */;
			compatibilityVersion = "Xcode 3.2";
			developmentRegion = English;
			hasScannedForEncodings = 0;
			knownRegions = (
				en,
				Base,
			);
			mainGroup = EAFEAB191988D1D700E30A7C;
			productRefGroup = EAFEAB231988D1D700E30A7C /* Products */;
			projectDirPath = "";
			projectRoot = "";
			targets = (
				EAFEAB211988D1D700E30A7C /* SocialFrameworkDemo */,
				EAFEAB331988D1D700E30A7C /* SocialFrameworkDemoTests */,
			);
		};
/* End PBXProject section */

/* Begin PBXResourcesBuildPhase section */
		EAFEAB201988D1D700E30A7C /* Resources */ = {
			isa = PBXResourcesBuildPhase;
			buildActionMask = 2147483647;
			files = (
				EA6CC3A0199334C900834E65 /* twitter.png in Resources */,
				EAFEAB2D1988D1D700E30A7C /* Main.storyboard in Resources */,
				EA6CC39D199334C900834E65 /* facebook.png in Resources */,
				EA6CC39F199334C900834E65 /* mail.png in Resources */,
				EAA301051A57B96E004DC2F4 /* images.jpg in Resources */,
				EA6CC39E199334C900834E65 /* iMessage.png in Resources */,
				EAFEAB2F1988D1D700E30A7C /* Images.xcassets in Resources */,
			);
			runOnlyForDeploymentPostprocessing = 0;
		};
		EAFEAB321988D1D700E30A7C /* Resources */ = {
			isa = PBXResourcesBuildPhase;
			buildActionMask = 2147483647;
			files = (
			);
			runOnlyForDeploymentPostprocessing = 0;
		};
/* End PBXResourcesBuildPhase section */

/* Begin PBXSourcesBuildPhase section */
		EAFEAB1E1988D1D700E30A7C /* Sources */ = {
			isa = PBXSourcesBuildPhase;
			buildActionMask = 2147483647;
			files = (
				EAFEAB2A1988D1D700E30A7C /* ViewController.swift in Sources */,
				EAFEAB281988D1D700E30A7C /* AppDelegate.swift in Sources */,
				EAA3013C1A57D84A004DC2F4 /* Reachability.swift in Sources */,
				EA25FEF819C814C90068AEA7 /* Util.swift in Sources */,
			);
			runOnlyForDeploymentPostprocessing = 0;
		};
		EAFEAB301988D1D700E30A7C /* Sources */ = {
			isa = PBXSourcesBuildPhase;
			buildActionMask = 2147483647;
			files = (
				EAFEAB3B1988D1D700E30A7C /* SocialFrameworkDemoTests.swift in Sources */,
			);
			runOnlyForDeploymentPostprocessing = 0;
		};
/* End PBXSourcesBuildPhase section */

/* Begin PBXTargetDependency section */
		EAFEAB361988D1D700E30A7C /* PBXTargetDependency */ = {
			isa = PBXTargetDependency;
			target = EAFEAB211988D1D700E30A7C /* SocialFrameworkDemo */;
			targetProxy = EAFEAB351988D1D700E30A7C /* PBXContainerItemProxy */;
		};
/* End PBXTargetDependency section */

/* Begin PBXVariantGroup section */
		EAFEAB2B1988D1D700E30A7C /* Main.storyboard */ = {
			isa = PBXVariantGroup;
			children = (
				EAFEAB2C1988D1D700E30A7C /* Base */,
			);
			name = Main.storyboard;
			sourceTree = "<group>";
		};
/* End PBXVariantGroup section */

/* Begin XCBuildConfiguration section */
		EAFEAB3C1988D1D700E30A7C /* Debug */ = {
			isa = XCBuildConfiguration;
			buildSettings = {
				ALWAYS_SEARCH_USER_PATHS = NO;
				CLANG_CXX_LANGUAGE_STANDARD = "gnu++0x";
				CLANG_CXX_LIBRARY = "libc++";
				CLANG_ENABLE_MODULES = YES;
				CLANG_ENABLE_OBJC_ARC = YES;
				CLANG_WARN_BOOL_CONVERSION = YES;
				CLANG_WARN_CONSTANT_CONVERSION = YES;
				CLANG_WARN_DIRECT_OBJC_ISA_USAGE = YES_ERROR;
				CLANG_WARN_EMPTY_BODY = YES;
				CLANG_WARN_ENUM_CONVERSION = YES;
				CLANG_WARN_INT_CONVERSION = YES;
				CLANG_WARN_OBJC_ROOT_CLASS = YES_ERROR;
				CLANG_WARN_UNREACHABLE_CODE = YES;
				CLANG_WARN__DUPLICATE_METHOD_MATCH = YES;
				"CODE_SIGN_IDENTITY[sdk=iphoneos*]" = "iPhone Developer";
				COPY_PHASE_STRIP = NO;
				ENABLE_STRICT_OBJC_MSGSEND = YES;
				GCC_C_LANGUAGE_STANDARD = gnu99;
				GCC_DYNAMIC_NO_PIC = NO;
				GCC_OPTIMIZATION_LEVEL = 0;
				GCC_PREPROCESSOR_DEFINITIONS = (
					"DEBUG=1",
					"$(inherited)",
				);
				GCC_SYMBOLS_PRIVATE_EXTERN = NO;
				GCC_WARN_64_TO_32_BIT_CONVERSION = YES;
				GCC_WARN_ABOUT_RETURN_TYPE = YES_ERROR;
				GCC_WARN_UNDECLARED_SELECTOR = YES;
				GCC_WARN_UNINITIALIZED_AUTOS = YES_AGGRESSIVE;
				GCC_WARN_UNUSED_FUNCTION = YES;
				GCC_WARN_UNUSED_VARIABLE = YES;
				IPHONEOS_DEPLOYMENT_TARGET = 8.0;
				MTL_ENABLE_DEBUG_INFO = YES;
				ONLY_ACTIVE_ARCH = YES;
				SDKROOT = iphoneos;
				SWIFT_OPTIMIZATION_LEVEL = "-Onone";
				TARGETED_DEVICE_FAMILY = "1,2";
			};
			name = Debug;
		};
		EAFEAB3D1988D1D700E30A7C /* Release */ = {
			isa = XCBuildConfiguration;
			buildSettings = {
				ALWAYS_SEARCH_USER_PATHS = NO;
				CLANG_CXX_LANGUAGE_STANDARD = "gnu++0x";
				CLANG_CXX_LIBRARY = "libc++";
				CLANG_ENABLE_MODULES = YES;
				CLANG_ENABLE_OBJC_ARC = YES;
				CLANG_WARN_BOOL_CONVERSION = YES;
				CLANG_WARN_CONSTANT_CONVERSION = YES;
				CLANG_WARN_DIRECT_OBJC_ISA_USAGE = YES_ERROR;
				CLANG_WARN_EMPTY_BODY = YES;
				CLANG_WARN_ENUM_CONVERSION = YES;
				CLANG_WARN_INT_CONVERSION = YES;
				CLANG_WARN_OBJC_ROOT_CLASS = YES_ERROR;
				CLANG_WARN_UNREACHABLE_CODE = YES;
				CLANG_WARN__DUPLICATE_METHOD_MATCH = YES;
				"CODE_SIGN_IDENTITY[sdk=iphoneos*]" = "iPhone Developer";
				COPY_PHASE_STRIP = YES;
				ENABLE_NS_ASSERTIONS = NO;
				ENABLE_STRICT_OBJC_MSGSEND = YES;
				GCC_C_LANGUAGE_STANDARD = gnu99;
				GCC_WARN_64_TO_32_BIT_CONVERSION = YES;
				GCC_WARN_ABOUT_RETURN_TYPE = YES_ERROR;
				GCC_WARN_UNDECLARED_SELECTOR = YES;
				GCC_WARN_UNINITIALIZED_AUTOS = YES_AGGRESSIVE;
				GCC_WARN_UNUSED_FUNCTION = YES;
				GCC_WARN_UNUSED_VARIABLE = YES;
				IPHONEOS_DEPLOYMENT_TARGET = 8.0;
				MTL_ENABLE_DEBUG_INFO = NO;
				SDKROOT = iphoneos;
				TARGETED_DEVICE_FAMILY = "1,2";
				VALIDATE_PRODUCT = YES;
			};
			name = Release;
		};
		EAFEAB3F1988D1D700E30A7C /* Debug */ = {
			isa = XCBuildConfiguration;
			buildSettings = {
				ASSETCATALOG_COMPILER_APPICON_NAME = AppIcon;
				ASSETCATALOG_COMPILER_LAUNCHIMAGE_NAME = LaunchImage;
				CLANG_ENABLE_MODULES = YES;
				INFOPLIST_FILE = SocialFrameworkDemo/Info.plist;
				LD_RUNPATH_SEARCH_PATHS = "$(inherited) @executable_path/Frameworks";
				PRODUCT_NAME = "$(TARGET_NAME)";
				SWIFT_OBJC_BRIDGING_HEADER = "";
				SWIFT_OPTIMIZATION_LEVEL = "-Onone";
				TARGETED_DEVICE_FAMILY = 1;
			};
			name = Debug;
		};
		EAFEAB401988D1D700E30A7C /* Release */ = {
			isa = XCBuildConfiguration;
			buildSettings = {
				ASSETCATALOG_COMPILER_APPICON_NAME = AppIcon;
				ASSETCATALOG_COMPILER_LAUNCHIMAGE_NAME = LaunchImage;
				CLANG_ENABLE_MODULES = YES;
				INFOPLIST_FILE = SocialFrameworkDemo/Info.plist;
				LD_RUNPATH_SEARCH_PATHS = "$(inherited) @executable_path/Frameworks";
				PRODUCT_NAME = "$(TARGET_NAME)";
				SWIFT_OBJC_BRIDGING_HEADER = "";
				TARGETED_DEVICE_FAMILY = 1;
			};
			name = Release;
		};
		EAFEAB421988D1D700E30A7C /* Debug */ = {
			isa = XCBuildConfiguration;
			buildSettings = {
				BUNDLE_LOADER = "$(BUILT_PRODUCTS_DIR)/SocialFrameworkDemo.app/SocialFrameworkDemo";
				FRAMEWORK_SEARCH_PATHS = (
					"$(SDKROOT)/Developer/Library/Frameworks",
					"$(inherited)",
				);
				GCC_PREPROCESSOR_DEFINITIONS = (
					"DEBUG=1",
					"$(inherited)",
				);
				INFOPLIST_FILE = SocialFrameworkDemoTests/Info.plist;
				LD_RUNPATH_SEARCH_PATHS = "$(inherited) @executable_path/Frameworks @loader_path/Frameworks";
				PRODUCT_NAME = "$(TARGET_NAME)";
				TEST_HOST = "$(BUNDLE_LOADER)";
			};
			name = Debug;
		};
		EAFEAB431988D1D700E30A7C /* Release */ = {
			isa = XCBuildConfiguration;
			buildSettings = {
				BUNDLE_LOADER = "$(BUILT_PRODUCTS_DIR)/SocialFrameworkDemo.app/SocialFrameworkDemo";
				FRAMEWORK_SEARCH_PATHS = (
					"$(SDKROOT)/Developer/Library/Frameworks",
					"$(inherited)",
				);
				INFOPLIST_FILE = SocialFrameworkDemoTests/Info.plist;
				LD_RUNPATH_SEARCH_PATHS = "$(inherited) @executable_path/Frameworks @loader_path/Frameworks";
				PRODUCT_NAME = "$(TARGET_NAME)";
				TEST_HOST = "$(BUNDLE_LOADER)";
			};
			name = Release;
		};
/* End XCBuildConfiguration section */

/* Begin XCConfigurationList section */
		EAFEAB1D1988D1D700E30A7C /* Build configuration list for PBXProject "SocialFrameworkDemo" */ = {
			isa = XCConfigurationList;
			buildConfigurations = (
				EAFEAB3C1988D1D700E30A7C /* Debug */,
				EAFEAB3D1988D1D700E30A7C /* Release */,
			);
			defaultConfigurationIsVisible = 0;
			defaultConfigurationName = Release;
		};
		EAFEAB3E1988D1D700E30A7C /* Build configuration list for PBXNativeTarget "SocialFrameworkDemo" */ = {
			isa = XCConfigurationList;
			buildConfigurations = (
				EAFEAB3F1988D1D700E30A7C /* Debug */,
				EAFEAB401988D1D700E30A7C /* Release */,
			);
			defaultConfigurationIsVisible = 0;
			defaultConfigurationName = Release;
		};
		EAFEAB411988D1D700E30A7C /* Build configuration list for PBXNativeTarget "SocialFrameworkDemoTests" */ = {
			isa = XCConfigurationList;
			buildConfigurations = (
				EAFEAB421988D1D700E30A7C /* Debug */,
				EAFEAB431988D1D700E30A7C /* Release */,
			);
			defaultConfigurationIsVisible = 0;
			defaultConfigurationName = Release;
		};
/* End XCConfigurationList section */
	};
	rootObject = EAFEAB1A1988D1D700E30A7C /* Project object */;
}
